
Microsoft Visual Studio Solution File, Format Version 12.00
# Visual Studio Version 17
VisualStudioVersion = 17.4.33103.184
MinimumVisualStudioVersion = 10.0.40219.1
Project("{FAE04EC0-301F-11D3-BF4B-00C04F79EFBC}") = "BHI_API", "BHI_API\BHI_API.csproj", "{513B4C54-D2FB-4679-B218-7AB9726456B6}"
EndProject
Global
	GlobalSection(SolutionConfigurationPlatforms) = preSolution
		Debug|Any CPU = Debug|Any CPU
		Release|Any CPU = Release|Any CPU
	EndGlobalSection
	GlobalSection(ProjectConfigurationPlatforms) = postSolution
		{513B4C54-D2FB-4679-B218-7AB9726456B6}.Debug|Any CPU.ActiveCfg = Debug|Any CPU
		{513B4C54-D2FB-4679-B218-7AB9726456B6}.Debug|Any CPU.Build.0 = Debug|Any CPU
		{513B4C54-D2FB-4679-B218-7AB9726456B6}.Release|Any CPU.ActiveCfg = Release|Any CPU
		{513B4C54-D2FB-4679-B218-7AB9726456B6}.Release|Any CPU.Build.0 = Release|Any CPU
	EndGlobalSection
	GlobalSection(SolutionProperties) = preSolution
		HideSolutionNode = FALSE
	EndGlobalSection
	GlobalSection(ExtensibilityGlobals) = postSolution
		SolutionGuid = {A92CC202-22C0-4B8A-9992-24C5672E9475}
	EndGlobalSection
EndGlobal
